// !$*UTF8*$!
{
	archiveVersion = 1;
	classes = {
	};
	objectVersion = 46;
	objects = {

/* Begin PBXBuildFile section */
		562788CF1ECA379B00E96BDC /* NotificationObserverHelper.swift in Sources */ = {isa = PBXBuildFile; fileRef = 56DE4EA21E8AC552006BB4D4 /* NotificationObserverHelper.swift */; };
		56DE4E831E8AC532006BB4D4 /* AppDelegate.swift in Sources */ = {isa = PBXBuildFile; fileRef = 56DE4E821E8AC532006BB4D4 /* AppDelegate.swift */; };
		56DE4E851E8AC532006BB4D4 /* ViewController.swift in Sources */ = {isa = PBXBuildFile; fileRef = 56DE4E841E8AC532006BB4D4 /* ViewController.swift */; };
		56DE4E881E8AC532006BB4D4 /* Main.storyboard in Resources */ = {isa = PBXBuildFile; fileRef = 56DE4E861E8AC532006BB4D4 /* Main.storyboard */; };
		56DE4E8A1E8AC532006BB4D4 /* Assets.xcassets in Resources */ = {isa = PBXBuildFile; fileRef = 56DE4E891E8AC532006BB4D4 /* Assets.xcassets */; };
		56DE4E8D1E8AC532006BB4D4 /* LaunchScreen.storyboard in Resources */ = {isa = PBXBuildFile; fileRef = 56DE4E8B1E8AC532006BB4D4 /* LaunchScreen.storyboard */; };
		56DE4E981E8AC532006BB4D4 /* NotificationObserverHelperTests.swift in Sources */ = {isa = PBXBuildFile; fileRef = 56DE4E971E8AC532006BB4D4 /* NotificationObserverHelperTests.swift */; };
		56DE4EA31E8AC552006BB4D4 /* NotificationObserverHelper.swift in Sources */ = {isa = PBXBuildFile; fileRef = 56DE4EA21E8AC552006BB4D4 /* NotificationObserverHelper.swift */; };
/* End PBXBuildFile section */

/* Begin PBXContainerItemProxy section */
		56DE4E941E8AC532006BB4D4 /* PBXContainerItemProxy */ = {
			isa = PBXContainerItemProxy;
			containerPortal = 56DE4E771E8AC532006BB4D4 /* Project object */;
			proxyType = 1;
			remoteGlobalIDString = 56DE4E7E1E8AC532006BB4D4;
			remoteInfo = NotificationObserverHelper;
		};
/* End PBXContainerItemProxy section */

/* Begin PBXFileReference section */
		56DE4E7F1E8AC532006BB4D4 /* NotificationObserverHelper.app */ = {isa = PBXFileReference; explicitFileType = wrapper.application; includeInIndex = 0; path = NotificationObserverHelper.app; sourceTree = BUILT_PRODUCTS_DIR; };
		56DE4E821E8AC532006BB4D4 /* AppDelegate.swift */ = {isa = PBXFileReference; lastKnownFileType = sourcecode.swift; path = AppDelegate.swift; sourceTree = "<group>"; };
		56DE4E841E8AC532006BB4D4 /* ViewController.swift */ = {isa = PBXFileReference; lastKnownFileType = sourcecode.swift; path = ViewController.swift; sourceTree = "<group>"; };
		56DE4E871E8AC532006BB4D4 /* Base */ = {isa = PBXFileReference; lastKnownFileType = file.storyboard; name = Base; path = Base.lproj/Main.storyboard; sourceTree = "<group>"; };
		56DE4E891E8AC532006BB4D4 /* Assets.xcassets */ = {isa = PBXFileReference; lastKnownFileType = folder.assetcatalog; path = Assets.xcassets; sourceTree = "<group>"; };
		56DE4E8C1E8AC532006BB4D4 /* Base */ = {isa = PBXFileReference; lastKnownFileType = file.storyboard; name = Base; path = Base.lproj/LaunchScreen.storyboard; sourceTree = "<group>"; };
		56DE4E8E1E8AC532006BB4D4 /* Info.plist */ = {isa = PBXFileReference; lastKnownFileType = text.plist.xml; path = Info.plist; sourceTree = "<group>"; };
		56DE4E931E8AC532006BB4D4 /* NotificationObserverHelperTests.xctest */ = {isa = PBXFileReference; explicitFileType = wrapper.cfbundle; includeInIndex = 0; path = NotificationObserverHelperTests.xctest; sourceTree = BUILT_PRODUCTS_DIR; };
		56DE4E971E8AC532006BB4D4 /* NotificationObserverHelperTests.swift */ = {isa = PBXFileReference; lastKnownFileType = sourcecode.swift; path = NotificationObserverHelperTests.swift; sourceTree = "<group>"; };
		56DE4E991E8AC532006BB4D4 /* Info.plist */ = {isa = PBXFileReference; lastKnownFileType = text.plist.xml; path = Info.plist; sourceTree = "<group>"; };
		56DE4EA21E8AC552006BB4D4 /* NotificationObserverHelper.swift */ = {isa = PBXFileReference; fileEncoding = 4; lastKnownFileType = sourcecode.swift; path = NotificationObserverHelper.swift; sourceTree = "<group>"; };
/* End PBXFileReference section */

/* Begin PBXFrameworksBuildPhase section */
		56DE4E7C1E8AC532006BB4D4 /* Frameworks */ = {
			isa = PBXFrameworksBuildPhase;
			buildActionMask = 2147483647;
			files = (
			);
			runOnlyForDeploymentPostprocessing = 0;
		};
		56DE4E901E8AC532006BB4D4 /* Frameworks */ = {
			isa = PBXFrameworksBuildPhase;
			buildActionMask = 2147483647;
			files = (
			);
			runOnlyForDeploymentPostprocessing = 0;
		};
/* End PBXFrameworksBuildPhase section */

/* Begin PBXGroup section */
		56DE4E761E8AC532006BB4D4 = {
			isa = PBXGroup;
			children = (
				56DE4E811E8AC532006BB4D4 /* NotificationObserverHelper */,
				56DE4E961E8AC532006BB4D4 /* NotificationObserverHelperTests */,
				56DE4E801E8AC532006BB4D4 /* Products */,
			);
			sourceTree = "<group>";
		};
		56DE4E801E8AC532006BB4D4 /* Products */ = {
			isa = PBXGroup;
			children = (
				56DE4E7F1E8AC532006BB4D4 /* NotificationObserverHelper.app */,
				56DE4E931E8AC532006BB4D4 /* NotificationObserverHelperTests.xctest */,
			);
			name = Products;
			sourceTree = "<group>";
		};
		56DE4E811E8AC532006BB4D4 /* NotificationObserverHelper */ = {
			isa = PBXGroup;
			children = (
				56DE4EA21E8AC552006BB4D4 /* NotificationObserverHelper.swift */,
				56DE4E821E8AC532006BB4D4 /* AppDelegate.swift */,
				56DE4E841E8AC532006BB4D4 /* ViewController.swift */,
				56DE4E861E8AC532006BB4D4 /* Main.storyboard */,
				56DE4E891E8AC532006BB4D4 /* Assets.xcassets */,
				56DE4E8B1E8AC532006BB4D4 /* LaunchScreen.storyboard */,
				56DE4E8E1E8AC532006BB4D4 /* Info.plist */,
			);
			path = NotificationObserverHelper;
			sourceTree = "<group>";
		};
		56DE4E961E8AC532006BB4D4 /* NotificationObserverHelperTests */ = {
			isa = PBXGroup;
			children = (
				56DE4E971E8AC532006BB4D4 /* NotificationObserverHelperTests.swift */,
				56DE4E991E8AC532006BB4D4 /* Info.plist */,
			);
			path = NotificationObserverHelperTests;
			sourceTree = "<group>";
		};
/* End PBXGroup section */

/* Begin PBXNativeTarget section */
		56DE4E7E1E8AC532006BB4D4 /* NotificationObserverHelper */ = {
			isa = PBXNativeTarget;
			buildConfigurationList = 56DE4E9C1E8AC532006BB4D4 /* Build configuration list for PBXNativeTarget "NotificationObserverHelper" */;
			buildPhases = (
				56DE4E7B1E8AC532006BB4D4 /* Sources */,
				56DE4E7C1E8AC532006BB4D4 /* Frameworks */,
				56DE4E7D1E8AC532006BB4D4 /* Resources */,
			);
			buildRules = (
			);
			dependencies = (
			);
			name = NotificationObserverHelper;
			productName = NotificationObserverHelper;
			productReference = 56DE4E7F1E8AC532006BB4D4 /* NotificationObserverHelper.app */;
			productType = "com.apple.product-type.application";
		};
		56DE4E921E8AC532006BB4D4 /* NotificationObserverHelperTests */ = {
			isa = PBXNativeTarget;
			buildConfigurationList = 56DE4E9F1E8AC532006BB4D4 /* Build configuration list for PBXNativeTarget "NotificationObserverHelperTests" */;
			buildPhases = (
				56DE4E8F1E8AC532006BB4D4 /* Sources */,
				56DE4E901E8AC532006BB4D4 /* Frameworks */,
				56DE4E911E8AC532006BB4D4 /* Resources */,
			);
			buildRules = (
			);
			dependencies = (
				56DE4E951E8AC532006BB4D4 /* PBXTargetDependency */,
			);
			name = NotificationObserverHelperTests;
			productName = NotificationObserverHelperTests;
			productReference = 56DE4E931E8AC532006BB4D4 /* NotificationObserverHelperTests.xctest */;
			productType = "com.apple.product-type.bundle.unit-test";
		};
/* End PBXNativeTarget section */

/* Begin PBXProject section */
		56DE4E771E8AC532006BB4D4 /* Project object */ = {
			isa = PBXProject;
			attributes = {
				LastSwiftUpdateCheck = 0820;
				LastUpgradeCheck = 1010;
				ORGANIZATIONNAME = srp;
				TargetAttributes = {
					56DE4E7E1E8AC532006BB4D4 = {
						CreatedOnToolsVersion = 8.2.1;
						DevelopmentTeam = UE22YNAKHW;
						LastSwiftMigration = 1010;
						ProvisioningStyle = Automatic;
					};
					56DE4E921E8AC532006BB4D4 = {
						CreatedOnToolsVersion = 8.2.1;
						DevelopmentTeam = UE22YNAKHW;
						LastSwiftMigration = 1010;
						ProvisioningStyle = Automatic;
						TestTargetID = 56DE4E7E1E8AC532006BB4D4;
					};
				};
			};
			buildConfigurationList = 56DE4E7A1E8AC532006BB4D4 /* Build configuration list for PBXProject "NotificationObserverHelper" */;
			compatibilityVersion = "Xcode 3.2";
			developmentRegion = English;
			hasScannedForEncodings = 0;
			knownRegions = (
				en,
				Base,
			);
			mainGroup = 56DE4E761E8AC532006BB4D4;
			productRefGroup = 56DE4E801E8AC532006BB4D4 /* Products */;
			projectDirPath = "";
			projectRoot = "";
			targets = (
				56DE4E7E1E8AC532006BB4D4 /* NotificationObserverHelper */,
				56DE4E921E8AC532006BB4D4 /* NotificationObserverHelperTests */,
			);
		};
/* End PBXProject section */

/* Begin PBXResourcesBuildPhase section */
		56DE4E7D1E8AC532006BB4D4 /* Resources */ = {
			isa = PBXResourcesBuildPhase;
			buildActionMask = 2147483647;
			files = (
				56DE4E8D1E8AC532006BB4D4 /* LaunchScreen.storyboard in Resources */,
				56DE4E8A1E8AC532006BB4D4 /* Assets.xcassets in Resources */,
				56DE4E881E8AC532006BB4D4 /* Main.storyboard in Resources */,
			);
			runOnlyForDeploymentPostprocessing = 0;
		};
		56DE4E911E8AC532006BB4D4 /* Resources */ = {
			isa = PBXResourcesBuildPhase;
			buildActionMask = 2147483647;
			files = (
			);
			runOnlyForDeploymentPostprocessing = 0;
		};
/* End PBXResourcesBuildPhase section */

/* Begin PBXSourcesBuildPhase section */
		56DE4E7B1E8AC532006BB4D4 /* Sources */ = {
			isa = PBXSourcesBuildPhase;
			buildActionMask = 2147483647;
			files = (
				56DE4EA31E8AC552006BB4D4 /* NotificationObserverHelper.swift in Sources */,
				56DE4E851E8AC532006BB4D4 /* ViewController.swift in Sources */,
				56DE4E831E8AC532006BB4D4 /* AppDelegate.swift in Sources */,
			);
			runOnlyForDeploymentPostprocessing = 0;
		};
		56DE4E8F1E8AC532006BB4D4 /* Sources */ = {
			isa = PBXSourcesBuildPhase;
			buildActionMask = 2147483647;
			files = (
				562788CF1ECA379B00E96BDC /* NotificationObserverHelper.swift in Sources */,
				56DE4E981E8AC532006BB4D4 /* NotificationObserverHelperTests.swift in Sources */,
			);
			runOnlyForDeploymentPostprocessing = 0;
		};
/* End PBXSourcesBuildPhase section */

/* Begin PBXTargetDependency section */
		56DE4E951E8AC532006BB4D4 /* PBXTargetDependency */ = {
			isa = PBXTargetDependency;
			target = 56DE4E7E1E8AC532006BB4D4 /* NotificationObserverHelper */;
			targetProxy = 56DE4E941E8AC532006BB4D4 /* PBXContainerItemProxy */;
		};
/* End PBXTargetDependency section */

/* Begin PBXVariantGroup section */
		56DE4E861E8AC532006BB4D4 /* Main.storyboard */ = {
			isa = PBXVariantGroup;
			children = (
				56DE4E871E8AC532006BB4D4 /* Base */,
			);
			name = Main.storyboard;
			sourceTree = "<group>";
		};
		56DE4E8B1E8AC532006BB4D4 /* LaunchScreen.storyboard */ = {
			isa = PBXVariantGroup;
			children = (
				56DE4E8C1E8AC532006BB4D4 /* Base */,
			);
			name = LaunchScreen.storyboard;
			sourceTree = "<group>";
		};
/* End PBXVariantGroup section */

/* Begin XCBuildConfiguration section */
		56DE4E9A1E8AC532006BB4D4 /* Debug */ = {
			isa = XCBuildConfiguration;
			buildSettings = {
				ALWAYS_SEARCH_USER_PATHS = NO;
				CLANG_ANALYZER_NONNULL = YES;
				CLANG_CXX_LANGUAGE_STANDARD = "gnu++0x";
				CLANG_CXX_LIBRARY = "libc++";
				CLANG_ENABLE_MODULES = YES;
				CLANG_ENABLE_OBJC_ARC = YES;
				CLANG_WARN_BLOCK_CAPTURE_AUTORELEASING = YES;
				CLANG_WARN_BOOL_CONVERSION = YES;
				CLANG_WARN_COMMA = YES;
				CLANG_WARN_CONSTANT_CONVERSION = YES;
				CLANG_WARN_DEPRECATED_OBJC_IMPLEMENTATIONS = YES;
				CLANG_WARN_DIRECT_OBJC_ISA_USAGE = YES_ERROR;
				CLANG_WARN_DOCUMENTATION_COMMENTS = YES;
				CLANG_WARN_EMPTY_BODY = YES;
				CLANG_WARN_ENUM_CONVERSION = YES;
				CLANG_WARN_INFINITE_RECURSION = YES;
				CLANG_WARN_INT_CONVERSION = YES;
				CLANG_WARN_NON_LITERAL_NULL_CONVERSION = YES;
				CLANG_WARN_OBJC_IMPLICIT_RETAIN_SELF = YES;
				CLANG_WARN_OBJC_LITERAL_CONVERSION = YES;
				CLANG_WARN_OBJC_ROOT_CLASS = YES_ERROR;
				CLANG_WARN_RANGE_LOOP_ANALYSIS = YES;
				CLANG_WARN_STRICT_PROTOTYPES = YES;
				CLANG_WARN_SUSPICIOUS_MOVE = YES;
				CLANG_WARN_UNREACHABLE_CODE = YES;
				CLANG_WARN__DUPLICATE_METHOD_MATCH = YES;
				"CODE_SIGN_IDENTITY[sdk=iphoneos*]" = "iPhone Developer";
				COPY_PHASE_STRIP = NO;
				DEBUG_INFORMATION_FORMAT = dwarf;
				ENABLE_STRICT_OBJC_MSGSEND = YES;
				ENABLE_TESTABILITY = YES;
				GCC_C_LANGUAGE_STANDARD = gnu99;
				GCC_DYNAMIC_NO_PIC = NO;
				GCC_NO_COMMON_BLOCKS = YES;
				GCC_OPTIMIZATION_LEVEL = 0;
				GCC_PREPROCESSOR_DEFINITIONS = (
					"DEBUG=1",
					"$(inherited)",
				);
				GCC_WARN_64_TO_32_BIT_CONVERSION = YES;
				GCC_WARN_ABOUT_RETURN_TYPE = YES_ERROR;
				GCC_WARN_UNDECLARED_SELECTOR = YES;
				GCC_WARN_UNINITIALIZED_AUTOS = YES_AGGRESSIVE;
				GCC_WARN_UNUSED_FUNCTION = YES;
				GCC_WARN_UNUSED_VARIABLE = YES;
				IPHONEOS_DEPLOYMENT_TARGET = 10.2;
				MTL_ENABLE_DEBUG_INFO = YES;
				ONLY_ACTIVE_ARCH = YES;
				SDKROOT = iphoneos;
				SWIFT_ACTIVE_COMPILATION_CONDITIONS = DEBUG;
				SWIFT_OPTIMIZATION_LEVEL = "-Onone";
				TARGETED_DEVICE_FAMILY = "1,2";
			};
			name = Debug;
		};
		56DE4E9B1E8AC532006BB4D4 /* Release */ = {
			isa = XCBuildConfiguration;
			buildSettings = {
				ALWAYS_SEARCH_USER_PATHS = NO;
				CLANG_ANALYZER_NONNULL = YES;
				CLANG_CXX_LANGUAGE_STANDARD = "gnu++0x";
				CLANG_CXX_LIBRARY = "libc++";
				CLANG_ENABLE_MODULES = YES;
				CLANG_ENABLE_OBJC_ARC = YES;
				CLANG_WARN_BLOCK_CAPTURE_AUTORELEASING = YES;
				CLANG_WARN_BOOL_CONVERSION = YES;
				CLANG_WARN_COMMA = YES;
				CLANG_WARN_CONSTANT_CONVERSION = YES;
				CLANG_WARN_DEPRECATED_OBJC_IMPLEMENTATIONS = YES;
				CLANG_WARN_DIRECT_OBJC_ISA_USAGE = YES_ERROR;
				CLANG_WARN_DOCUMENTATION_COMMENTS = YES;
				CLANG_WARN_EMPTY_BODY = YES;
				CLANG_WARN_ENUM_CONVERSION = YES;
				CLANG_WARN_INFINITE_RECURSION = YES;
				CLANG_WARN_INT_CONVERSION = YES;
				CLANG_WARN_NON_LITERAL_NULL_CONVERSION = YES;
				CLANG_WARN_OBJC_IMPLICIT_RETAIN_SELF = YES;
				CLANG_WARN_OBJC_LITERAL_CONVERSION = YES;
				CLANG_WARN_OBJC_ROOT_CLASS = YES_ERROR;
				CLANG_WARN_RANGE_LOOP_ANALYSIS = YES;
				CLANG_WARN_STRICT_PROTOTYPES = YES;
				CLANG_WARN_SUSPICIOUS_MOVE = YES;
				CLANG_WARN_UNREACHABLE_CODE = YES;
				CLANG_WARN__DUPLICATE_METHOD_MATCH = YES;
				"CODE_SIGN_IDENTITY[sdk=iphoneos*]" = "iPhone Developer";
				COPY_PHASE_STRIP = NO;
				DEBUG_INFORMATION_FORMAT = "dwarf-with-dsym";
				ENABLE_NS_ASSERTIONS = NO;
				ENABLE_STRICT_OBJC_MSGSEND = YES;
				GCC_C_LANGUAGE_STANDARD = gnu99;
				GCC_NO_COMMON_BLOCKS = YES;
				GCC_WARN_64_TO_32_BIT_CONVERSION = YES;
				GCC_WARN_ABOUT_RETURN_TYPE = YES_ERROR;
				GCC_WARN_UNDECLARED_SELECTOR = YES;
				GCC_WARN_UNINITIALIZED_AUTOS = YES_AGGRESSIVE;
				GCC_WARN_UNUSED_FUNCTION = YES;
				GCC_WARN_UNUSED_VARIABLE = YES;
				IPHONEOS_DEPLOYMENT_TARGET = 10.2;
				MTL_ENABLE_DEBUG_INFO = NO;
				SDKROOT = iphoneos;
				SWIFT_OPTIMIZATION_LEVEL = "-Owholemodule";
				TARGETED_DEVICE_FAMILY = "1,2";
				VALIDATE_PRODUCT = YES;
			};
			name = Release;
		};
		56DE4E9D1E8AC532006BB4D4 /* Debug */ = {
			isa = XCBuildConfiguration;
			buildSettings = {
				ASSETCATALOG_COMPILER_APPICON_NAME = AppIcon;
				DEVELOPMENT_TEAM = UE22YNAKHW;
				INFOPLIST_FILE = NotificationObserverHelper/Info.plist;
				LD_RUNPATH_SEARCH_PATHS = "$(inherited) @executable_path/Frameworks";
				PRODUCT_BUNDLE_IDENTIFIER = srp.NotificationObserverHelper;
				PRODUCT_NAME = "$(TARGET_NAME)";
				SWIFT_SWIFT3_OBJC_INFERENCE = Default;
				SWIFT_VERSION = 4.2;
			};
			name = Debug;
		};
		56DE4E9E1E8AC532006BB4D4 /* Release */ = {
			isa = XCBuildConfiguration;
			buildSettings = {
				ASSETCATALOG_COMPILER_APPICON_NAME = AppIcon;
				DEVELOPMENT_TEAM = UE22YNAKHW;
				INFOPLIST_FILE = NotificationObserverHelper/Info.plist;
				LD_RUNPATH_SEARCH_PATHS = "$(inherited) @executable_path/Frameworks";
				PRODUCT_BUNDLE_IDENTIFIER = srp.NotificationObserverHelper;
				PRODUCT_NAME = "$(TARGET_NAME)";
				SWIFT_SWIFT3_OBJC_INFERENCE = Default;
				SWIFT_VERSION = 4.2;
			};
			name = Release;
		};
		56DE4EA01E8AC532006BB4D4 /* Debug */ = {
			isa = XCBuildConfiguration;
			buildSettings = {
				ALWAYS_EMBED_SWIFT_STANDARD_LIBRARIES = YES;
				BUNDLE_LOADER = "$(TEST_HOST)";
				DEVELOPMENT_TEAM = UE22YNAKHW;
				INFOPLIST_FILE = NotificationObserverHelperTests/Info.plist;
				LD_RUNPATH_SEARCH_PATHS = "$(inherited) @executable_path/Frameworks @loader_path/Frameworks";
				PRODUCT_BUNDLE_IDENTIFIER = srp.NotificationObserverHelperTests;
				PRODUCT_NAME = "$(TARGET_NAME)";
				SWIFT_SWIFT3_OBJC_INFERENCE = Default;
				SWIFT_VERSION = 4.2;
				TEST_HOST = "$(BUILT_PRODUCTS_DIR)/NotificationObserverHelper.app/NotificationObserverHelper";
			};
			name = Debug;
		};
		56DE4EA11E8AC532006BB4D4 /* Release */ = {
			isa = XCBuildConfiguration;
			buildSettings = {
				ALWAYS_EMBED_SWIFT_STANDARD_LIBRARIES = YES;
				BUNDLE_LOADER = "$(TEST_HOST)";
				DEVELOPMENT_TEAM = UE22YNAKHW;
				INFOPLIST_FILE = NotificationObserverHelperTests/Info.plist;
				LD_RUNPATH_SEARCH_PATHS = "$(inherited) @executable_path/Frameworks @loader_path/Frameworks";
				PRODUCT_BUNDLE_IDENTIFIER = srp.NotificationObserverHelperTests;
				PRODUCT_NAME = "$(TARGET_NAME)";
				SWIFT_SWIFT3_OBJC_INFERENCE = Default;
				SWIFT_VERSION = 4.2;
				TEST_HOST = "$(BUILT_PRODUCTS_DIR)/NotificationObserverHelper.app/NotificationObserverHelper";
			};
			name = Release;
		};
/* End XCBuildConfiguration section */

/* Begin XCConfigurationList section */
		56DE4E7A1E8AC532006BB4D4 /* Build configuration list for PBXProject "NotificationObserverHelper" */ = {
			isa = XCConfigurationList;
			buildConfigurations = (
				56DE4E9A1E8AC532006BB4D4 /* Debug */,
				56DE4E9B1E8AC532006BB4D4 /* Release */,
			);
			defaultConfigurationIsVisible = 0;
			defaultConfigurationName = Release;
		};
		56DE4E9C1E8AC532006BB4D4 /* Build configuration list for PBXNativeTarget "NotificationObserverHelper" */ = {
			isa = XCConfigurationList;
			buildConfigurations = (
				56DE4E9D1E8AC532006BB4D4 /* Debug */,
				56DE4E9E1E8AC532006BB4D4 /* Release */,
			);
			defaultConfigurationIsVisible = 0;
			defaultConfigurationName = Release;
		};
		56DE4E9F1E8AC532006BB4D4 /* Build configuration list for PBXNativeTarget "NotificationObserverHelperTests" */ = {
			isa = XCConfigurationList;
			buildConfigurations = (
				56DE4EA01E8AC532006BB4D4 /* Debug */,
				56DE4EA11E8AC532006BB4D4 /* Release */,
			);
			defaultConfigurationIsVisible = 0;
			defaultConfigurationName = Release;
		};
/* End XCConfigurationList section */
	};
	rootObject = 56DE4E771E8AC532006BB4D4 /* Project object */;
}
